github.com/Jigsaw-Code/outline-sdk v0.0.6 h1:8QqbfgMrdqU7LuUIrkoBev5O5I4u3tORe3RGJcCGOJ4=
github.com/Jigsaw-Code/outline-sdk v0.0.6/go.mod h1:hhlKz0+r9wSDFT8usvN8Zv/BFToCIFAUn1P2Qk8G2CM=
github.com/Jigsaw-Code/outline-sdk v0.0.7 h1:WlFaV1tFpIQ/pflrKwrQuNIP3kJpgh7yJuqiTb54sGA=
github.com/Jigsaw-Code/outline-sdk v0.0.7/go.mod h1:hhlKz0+r9wSDFT8usvN8Zv/BFToCIFAUn1P2Qk8G2CM=
github.com/Jigsaw-Code/outline-sdk/x v0.0.0-20231011150057-421758b376f7 h1:jDGoXJ1/mV4JXAXEZ7pzrweme6bpvy76/79JRcEEdOI=
github.com/Jigsaw-Code/outline-sdk/x v0.0.0-20231011150057-421758b376f7/go.mod h1:uQAl7pYVmEmJmeTG/4OOgsYeClpMxixJdCxGfjGT6ZQ=
github.com/go-chi/chi v1.5.5 h1:vOB/HbEMt9QqBqErz07QehcOKHaWFtuj87tTDVz2qXE=
github.com/go-chi/chi v1.5.5/go.mod h1:C9JqLr3tIYjDOZpzn+BCuxY8z8vmca43EeMgyZt7irw=
github.com/joho/godotenv v1.5.1 h1:7eLL/+HRGLY0ldzfGMeQkb7vMd0as4CfYvUVzLqw0N0=
github.com/joho/godotenv v1.5.1/go.mod h1:f4LDr5Voq0i2e/R5DDNOoa2zzDfwtkZa6DnEwAbqwq4=
github.com/lib/pq v1.10.9 h1:YXG7RB+JIjhP29X+OtkiDnYaXQwpS4JEWq7dtCCRUEw=
github.com/lib/pq v1.10.9/go.mod h1:AlVN5x4E4T544tWzH6hKfbfQvm3HdbOxrmggDNAPY9o=
github.com/riobard/go-bloom v0.0.0-20200614022211-cdc8013cb5b3/go.mod h1:HgjTstvQsPGkxUsCd2KWxErBblirPizecHcpD3ffK+s=
github.com/shadowsocks/go-shadowsocks2 v0.1.5 h1:PDSQv9y2S85Fl7VBeOMF9StzeXZyK1HakRm86CUbr28=
github.com/shadowsocks/go-shadowsocks2 v0.1.5/go.mod h1:AGGpIoek4HRno4xzyFiAtLHkOpcoznZEkAccaI/rplM=
github.com/sqlc-dev/pqtype v0.3.0 h1:b09TewZ3cSnO5+M1Kqq05y0+OjqIptxELaSayg7bmqk=
github.com/sqlc-dev/pqtype v0.3.0/go.mod h1:oyUjp5981ctiL9UYvj1bVvCKi8OXkCa0u645hce7CAs=
golang.org/x/crypto v0.0.0-20190308221718-c2843e01d9a2/go.mod h1:djNgcEr1/C05ACkg1iLfiJU5Ep61QUkGW8qpdssI0+w=
golang.org/x/crypto v0.0.0-20210220033148-5ea612d1eb83/go.mod h1:jdWPYTVW3xRLrWPugEBEK3UY2ZEsg3UU495nc5E+M+I=
golang.org/x/crypto v0.12.0 h1:tFM/ta59kqch6LlvYnPa0yx5a83cL2nHflFhYKvv9Yk=
golang.org/x/crypto v0.12.0/go.mod h1:NF0Gs7EO5K4qLn+Ylc+fih8BSTeIjAP05siRnAh98yw=
golang.org/x/net v0.0.0-20190404232315-eb5bcb51f2a3/go.mod h1:t9HGtf8HONx5eT2rtn7q6eTqICYqUVnKs3thJo3Qplg=
golang.org/x/sys v0.0.0-20190215142949-d0b11bdaac8a/go.mod h1:STP8DvDyc/dI5b8T5hshtkjS+E42TnysNCUPdjciGhY=
golang.org/x/sys v0.0.0-20191026070338-33540a1f6037/go.mod h1:h1NjWce9XRLGQEsW7wpKNCjG9DtNlClVuFLEZdDNbEs=
golang.org/x/sys v0.11.0 h1:eG7RXZHdqOJ1i+0lgLgCpSXAp6M3LYlAo6osgSi0xOM=
golang.org/x/sys v0.11.0/go.mod h1:oPkhp1MJrh7nUepCBck5+mAzfO9JrbApNNgaTdGDITg=
golang.org/x/term v0.0.0-20201117132131-f5c789dd3221/go.mod h1:Nr5EML6q2oocZ2LXRh80K7BxOlk5/8JxuGnuhpl+muw=
golang.org/x/text v0.3.0/go.mod h1:NqM8EUOU14njkJ3fqMW+pc6Ldnwhi/IjpwHt7yyuwOQ=
